
Microsoft Visual Studio Solution File, Format Version 12.00
# Visual Studio Version 17
VisualStudioVersion = 17.0.31903.59
MinimumVisualStudioVersion = 10.0.40219.1
Project("{FAE04EC0-301F-11D3-BF4B-00C04F79EFBC}") = "AndroidRuntime.Core", "AndroidRuntime.Core.csproj", "{722AC493-59B9-41FD-AEA5-C58AA94C036F}"
EndProject
Project("{2150E333-8FDC-42A3-9474-1A3956D46DE8}") = "tests", "tests", "{0AB3BF05-4346-4AA6-1389-037BE0695223}"
EndProject
Project("{FAE04EC0-301F-11D3-BF4B-00C04F79EFBC}") = "AndroidRuntime.Core.Tests", "tests\AndroidRuntime.Core.Tests\AndroidRuntime.Core.Tests.csproj", "{8530A89A-B0D0-4EE9-AD30-4981D968DB98}"
EndProject
Project("{FAE04EC0-301F-11D3-BF4B-00C04F79EFBC}") = "AndroidRuntime.WindowsHost", "AndroidRuntime.WindowsHost\AndroidRuntime.WindowsHost.csproj", "{14B7FECA-874D-4521-9B69-92C31CE63171}"
EndProject
Project("{FAE04EC0-301F-11D3-BF4B-00C04F79EFBC}") = "AndroidRuntime.WindowsHost.Tests", "tests\AndroidRuntime.WindowsHost.Tests\AndroidRuntime.WindowsHost.Tests.csproj", "{C6350B3A-D7C3-4B86-BCBE-F4E39131D16F}"
EndProject
Global
	GlobalSection(SolutionConfigurationPlatforms) = preSolution
		Debug|Any CPU = Debug|Any CPU
		Debug|x64 = Debug|x64
		Debug|x86 = Debug|x86
		Release|Any CPU = Release|Any CPU
		Release|x64 = Release|x64
		Release|x86 = Release|x86
	EndGlobalSection
	GlobalSection(ProjectConfigurationPlatforms) = postSolution
		{722AC493-59B9-41FD-AEA5-C58AA94C036F}.Debug|Any CPU.ActiveCfg = Debug|Any CPU
		{722AC493-59B9-41FD-AEA5-C58AA94C036F}.Debug|Any CPU.Build.0 = Debug|Any CPU
		{722AC493-59B9-41FD-AEA5-C58AA94C036F}.Debug|x64.ActiveCfg = Debug|Any CPU
		{722AC493-59B9-41FD-AEA5-C58AA94C036F}.Debug|x64.Build.0 = Debug|Any CPU
		{722AC493-59B9-41FD-AEA5-C58AA94C036F}.Debug|x86.ActiveCfg = Debug|Any CPU
		{722AC493-59B9-41FD-AEA5-C58AA94C036F}.Debug|x86.Build.0 = Debug|Any CPU
		{722AC493-59B9-41FD-AEA5-C58AA94C036F}.Release|Any CPU.ActiveCfg = Release|Any CPU
		{722AC493-59B9-41FD-AEA5-C58AA94C036F}.Release|Any CPU.Build.0 = Release|Any CPU
		{722AC493-59B9-41FD-AEA5-C58AA94C036F}.Release|x64.ActiveCfg = Release|Any CPU
		{722AC493-59B9-41FD-AEA5-C58AA94C036F}.Release|x64.Build.0 = Release|Any CPU
		{722AC493-59B9-41FD-AEA5-C58AA94C036F}.Release|x86.ActiveCfg = Release|Any CPU
		{722AC493-59B9-41FD-AEA5-C58AA94C036F}.Release|x86.Build.0 = Release|Any CPU
		{8530A89A-B0D0-4EE9-AD30-4981D968DB98}.Debug|Any CPU.ActiveCfg = Debug|Any CPU
		{8530A89A-B0D0-4EE9-AD30-4981D968DB98}.Debug|Any CPU.Build.0 = Debug|Any CPU
		{8530A89A-B0D0-4EE9-AD30-4981D968DB98}.Debug|x64.ActiveCfg = Debug|Any CPU
		{8530A89A-B0D0-4EE9-AD30-4981D968DB98}.Debug|x64.Build.0 = Debug|Any CPU
		{8530A89A-B0D0-4EE9-AD30-4981D968DB98}.Debug|x86.ActiveCfg = Debug|Any CPU
		{8530A89A-B0D0-4EE9-AD30-4981D968DB98}.Debug|x86.Build.0 = Debug|Any CPU
		{8530A89A-B0D0-4EE9-AD30-4981D968DB98}.Release|Any CPU.ActiveCfg = Release|Any CPU
		{8530A89A-B0D0-4EE9-AD30-4981D968DB98}.Release|Any CPU.Build.0 = Release|Any CPU
		{8530A89A-B0D0-4EE9-AD30-4981D968DB98}.Release|x64.ActiveCfg = Release|Any CPU
		{8530A89A-B0D0-4EE9-AD30-4981D968DB98}.Release|x64.Build.0 = Release|Any CPU
		{8530A89A-B0D0-4EE9-AD30-4981D968DB98}.Release|x86.ActiveCfg = Release|Any CPU
		{8530A89A-B0D0-4EE9-AD30-4981D968DB98}.Release|x86.Build.0 = Release|Any CPU
		{14B7FECA-874D-4521-9B69-92C31CE63171}.Debug|Any CPU.ActiveCfg = Debug|Any CPU
		{14B7FECA-874D-4521-9B69-92C31CE63171}.Debug|Any CPU.Build.0 = Debug|Any CPU
		{14B7FECA-874D-4521-9B69-92C31CE63171}.Debug|x64.ActiveCfg = Debug|Any CPU
		{14B7FECA-874D-4521-9B69-92C31CE63171}.Debug|x64.Build.0 = Debug|Any CPU
		{14B7FECA-874D-4521-9B69-92C31CE63171}.Debug|x86.ActiveCfg = Debug|Any CPU
		{14B7FECA-874D-4521-9B69-92C31CE63171}.Debug|x86.Build.0 = Debug|Any CPU
		{14B7FECA-874D-4521-9B69-92C31CE63171}.Release|Any CPU.ActiveCfg = Release|Any CPU
		{14B7FECA-874D-4521-9B69-92C31CE63171}.Release|Any CPU.Build.0 = Release|Any CPU
		{14B7FECA-874D-4521-9B69-92C31CE63171}.Release|x64.ActiveCfg = Release|Any CPU
		{14B7FECA-874D-4521-9B69-92C31CE63171}.Release|x64.Build.0 = Release|Any CPU
		{14B7FECA-874D-4521-9B69-92C31CE63171}.Release|x86.ActiveCfg = Release|Any CPU
		{14B7FECA-874D-4521-9B69-92C31CE63171}.Release|x86.Build.0 = Release|Any CPU
		{C6350B3A-D7C3-4B86-BCBE-F4E39131D16F}.Debug|Any CPU.ActiveCfg = Debug|Any CPU
		{C6350B3A-D7C3-4B86-BCBE-F4E39131D16F}.Debug|Any CPU.Build.0 = Debug|Any CPU
		{C6350B3A-D7C3-4B86-BCBE-F4E39131D16F}.Debug|x64.ActiveCfg = Debug|Any CPU
		{C6350B3A-D7C3-4B86-BCBE-F4E39131D16F}.Debug|x64.Build.0 = Debug|Any CPU
		{C6350B3A-D7C3-4B86-BCBE-F4E39131D16F}.Debug|x86.ActiveCfg = Debug|Any CPU
		{C6350B3A-D7C3-4B86-BCBE-F4E39131D16F}.Debug|x86.Build.0 = Debug|Any CPU
		{C6350B3A-D7C3-4B86-BCBE-F4E39131D16F}.Release|Any CPU.ActiveCfg = Release|Any CPU
		{C6350B3A-D7C3-4B86-BCBE-F4E39131D16F}.Release|Any CPU.Build.0 = Release|Any CPU
		{C6350B3A-D7C3-4B86-BCBE-F4E39131D16F}.Release|x64.ActiveCfg = Release|Any CPU
		{C6350B3A-D7C3-4B86-BCBE-F4E39131D16F}.Release|x64.Build.0 = Release|Any CPU
		{C6350B3A-D7C3-4B86-BCBE-F4E39131D16F}.Release|x86.ActiveCfg = Release|Any CPU
		{C6350B3A-D7C3-4B86-BCBE-F4E39131D16F}.Release|x86.Build.0 = Release|Any CPU
	EndGlobalSection
	GlobalSection(SolutionProperties) = preSolution
		HideSolutionNode = FALSE
	EndGlobalSection
	GlobalSection(NestedProjects) = preSolution
		{8530A89A-B0D0-4EE9-AD30-4981D968DB98} = {0AB3BF05-4346-4AA6-1389-037BE0695223}
		{C6350B3A-D7C3-4B86-BCBE-F4E39131D16F} = {0AB3BF05-4346-4AA6-1389-037BE0695223}
	EndGlobalSection
EndGlobal
